
Microsoft Visual Studio Solution File, Format Version 12.00
# Visual Studio 2013
VisualStudioVersion = 12.0.30723.0
MinimumVisualStudioVersion = 10.0.40219.1
Project("{2150E333-8FDC-42A3-9474-1A3956D46DE8}") = "BeeWiCar.Universal", "BeeWiCar.Universal", "{1B5C562C-C616-491E-9630-824BC0C3025D}"
EndProject
Project("{D954291E-2A0B-460D-934E-DC6B0785DB48}") = "BeeWiCar.Universal.Shared", "BeeWiCar.Universal\BeeWiCar.Universal.Shared\BeeWiCar.Universal.Shared.shproj", "{F15443AE-3445-47C1-AF57-63406FBC9A00}"
EndProject
Project("{FAE04EC0-301F-11D3-BF4B-00C04F79EFBC}") = "BeeWiCar.Universal.Windows", "BeeWiCar.Universal\BeeWiCar.Universal.Windows\BeeWiCar.Universal.Windows.csproj", "{24A9A1E5-F198-4D86-A809-988FAE638307}"
EndProject
Project("{FAE04EC0-301F-11D3-BF4B-00C04F79EFBC}") = "BeeWiCar.Universal.WindowsPhone", "BeeWiCar.Universal\BeeWiCar.Universal.WindowsPhone\BeeWiCar.Universal.WindowsPhone.csproj", "{7FCA9C86-CC2C-4F53-BD12-43A6F9B02C8B}"
EndProject
Global
	GlobalSection(SharedMSBuildProjectFiles) = preSolution
		BeeWiCar.Universal\BeeWiCar.Universal.Shared\BeeWiCar.Universal.Shared.projitems*{f15443ae-3445-47c1-af57-63406fbc9a00}*SharedItemsImports = 13
		BeeWiCar.Universal\BeeWiCar.Universal.Shared\BeeWiCar.Universal.Shared.projitems*{7fca9c86-cc2c-4f53-bd12-43a6f9b02c8b}*SharedItemsImports = 4
		BeeWiCar.Universal\BeeWiCar.Universal.Shared\BeeWiCar.Universal.Shared.projitems*{24a9a1e5-f198-4d86-a809-988fae638307}*SharedItemsImports = 4
	EndGlobalSection
	GlobalSection(SolutionConfigurationPlatforms) = preSolution
		Debug|Any CPU = Debug|Any CPU
		Debug|ARM = Debug|ARM
		Debug|x64 = Debug|x64
		Debug|x86 = Debug|x86
		Release|Any CPU = Release|Any CPU
		Release|ARM = Release|ARM
		Release|x64 = Release|x64
		Release|x86 = Release|x86
	EndGlobalSection
	GlobalSection(ProjectConfigurationPlatforms) = postSolution
		{24A9A1E5-F198-4D86-A809-988FAE638307}.Debug|Any CPU.ActiveCfg = Debug|Any CPU
		{24A9A1E5-F198-4D86-A809-988FAE638307}.Debug|Any CPU.Build.0 = Debug|Any CPU
		{24A9A1E5-F198-4D86-A809-988FAE638307}.Debug|Any CPU.Deploy.0 = Debug|Any CPU
		{24A9A1E5-F198-4D86-A809-988FAE638307}.Debug|ARM.ActiveCfg = Debug|ARM
		{24A9A1E5-F198-4D86-A809-988FAE638307}.Debug|ARM.Build.0 = Debug|ARM
		{24A9A1E5-F198-4D86-A809-988FAE638307}.Debug|ARM.Deploy.0 = Debug|ARM
		{24A9A1E5-F198-4D86-A809-988FAE638307}.Debug|x64.ActiveCfg = Debug|x64
		{24A9A1E5-F198-4D86-A809-988FAE638307}.Debug|x64.Build.0 = Debug|x64
		{24A9A1E5-F198-4D86-A809-988FAE638307}.Debug|x64.Deploy.0 = Debug|x64
		{24A9A1E5-F198-4D86-A809-988FAE638307}.Debug|x86.ActiveCfg = Debug|x86
		{24A9A1E5-F198-4D86-A809-988FAE638307}.Debug|x86.Build.0 = Debug|x86
		{24A9A1E5-F198-4D86-A809-988FAE638307}.Debug|x86.Deploy.0 = Debug|x86
		{24A9A1E5-F198-4D86-A809-988FAE638307}.Release|Any CPU.ActiveCfg = Release|Any CPU
		{24A9A1E5-F198-4D86-A809-988FAE638307}.Release|Any CPU.Build.0 = Release|Any CPU
		{24A9A1E5-F198-4D86-A809-988FAE638307}.Release|Any CPU.Deploy.0 = Release|Any CPU
		{24A9A1E5-F198-4D86-A809-988FAE638307}.Release|ARM.ActiveCfg = Release|ARM
		{24A9A1E5-F198-4D86-A809-988FAE638307}.Release|ARM.Build.0 = Release|ARM
		{24A9A1E5-F198-4D86-A809-988FAE638307}.Release|ARM.Deploy.0 = Release|ARM
		{24A9A1E5-F198-4D86-A809-988FAE638307}.Release|x64.ActiveCfg = Release|x64
		{24A9A1E5-F198-4D86-A809-988FAE638307}.Release|x64.Build.0 = Release|x64
		{24A9A1E5-F198-4D86-A809-988FAE638307}.Release|x64.Deploy.0 = Release|x64
		{24A9A1E5-F198-4D86-A809-988FAE638307}.Release|x86.ActiveCfg = Release|x86
		{24A9A1E5-F198-4D86-A809-988FAE638307}.Release|x86.Build.0 = Release|x86
		{24A9A1E5-F198-4D86-A809-988FAE638307}.Release|x86.Deploy.0 = Release|x86
		{7FCA9C86-CC2C-4F53-BD12-43A6F9B02C8B}.Debug|Any CPU.ActiveCfg = Debug|Any CPU
		{7FCA9C86-CC2C-4F53-BD12-43A6F9B02C8B}.Debug|Any CPU.Build.0 = Debug|Any CPU
		{7FCA9C86-CC2C-4F53-BD12-43A6F9B02C8B}.Debug|Any CPU.Deploy.0 = Debug|Any CPU
		{7FCA9C86-CC2C-4F53-BD12-43A6F9B02C8B}.Debug|ARM.ActiveCfg = Debug|ARM
		{7FCA9C86-CC2C-4F53-BD12-43A6F9B02C8B}.Debug|ARM.Build.0 = Debug|ARM
		{7FCA9C86-CC2C-4F53-BD12-43A6F9B02C8B}.Debug|ARM.Deploy.0 = Debug|ARM
		{7FCA9C86-CC2C-4F53-BD12-43A6F9B02C8B}.Debug|x64.ActiveCfg = Debug|Any CPU
		{7FCA9C86-CC2C-4F53-BD12-43A6F9B02C8B}.Debug|x86.ActiveCfg = Debug|x86
		{7FCA9C86-CC2C-4F53-BD12-43A6F9B02C8B}.Debug|x86.Build.0 = Debug|x86
		{7FCA9C86-CC2C-4F53-BD12-43A6F9B02C8B}.Debug|x86.Deploy.0 = Debug|x86
		{7FCA9C86-CC2C-4F53-BD12-43A6F9B02C8B}.Release|Any CPU.ActiveCfg = Release|Any CPU
		{7FCA9C86-CC2C-4F53-BD12-43A6F9B02C8B}.Release|Any CPU.Build.0 = Release|Any CPU
		{7FCA9C86-CC2C-4F53-BD12-43A6F9B02C8B}.Release|Any CPU.Deploy.0 = Release|Any CPU
		{7FCA9C86-CC2C-4F53-BD12-43A6F9B02C8B}.Release|ARM.ActiveCfg = Release|ARM
		{7FCA9C86-CC2C-4F53-BD12-43A6F9B02C8B}.Release|ARM.Build.0 = Release|ARM
		{7FCA9C86-CC2C-4F53-BD12-43A6F9B02C8B}.Release|ARM.Deploy.0 = Release|ARM
		{7FCA9C86-CC2C-4F53-BD12-43A6F9B02C8B}.Release|x64.ActiveCfg = Release|Any CPU
		{7FCA9C86-CC2C-4F53-BD12-43A6F9B02C8B}.Release|x86.ActiveCfg = Release|x86
		{7FCA9C86-CC2C-4F53-BD12-43A6F9B02C8B}.Release|x86.Build.0 = Release|x86
		{7FCA9C86-CC2C-4F53-BD12-43A6F9B02C8B}.Release|x86.Deploy.0 = Release|x86
	EndGlobalSection
	GlobalSection(SolutionProperties) = preSolution
		HideSolutionNode = FALSE
	EndGlobalSection
	GlobalSection(NestedProjects) = preSolution
		{F15443AE-3445-47C1-AF57-63406FBC9A00} = {1B5C562C-C616-491E-9630-824BC0C3025D}
		{24A9A1E5-F198-4D86-A809-988FAE638307} = {1B5C562C-C616-491E-9630-824BC0C3025D}
		{7FCA9C86-CC2C-4F53-BD12-43A6F9B02C8B} = {1B5C562C-C616-491E-9630-824BC0C3025D}
	EndGlobalSection
EndGlobal
